
Microsoft Visual Studio Solution File, Format Version 12.00
# Visual Studio Version 16
VisualStudioVersion = 16.0.31205.134
MinimumVisualStudioVersion = 10.0.40219.1
Project("{2150E333-8FDC-42A3-9474-1A3956D46DE8}") = "Application", "Application", "{2DD67ACC-FF84-45AF-8425-59BE7EF05D48}"
EndProject
Project("{2150E333-8FDC-42A3-9474-1A3956D46DE8}") = "Domain", "Domain", "{874B0AB3-AEBE-431D-B789-B9646DAE1D71}"
EndProject
Project("{2150E333-8FDC-42A3-9474-1A3956D46DE8}") = "Infra.IoC", "Infra.IoC", "{95C1F141-CFFC-4B90-A458-4D4460568120}"
EndProject
Project("{2150E333-8FDC-42A3-9474-1A3956D46DE8}") = "Infra.Data", "Infra.Data", "{A3A714E8-9722-4405-A711-47DC1BE5DDC3}"
EndProject
Project("{2150E333-8FDC-42A3-9474-1A3956D46DE8}") = "Presentation", "Presentation", "{36A11681-AEA3-4A20-945F-A6677797DA8E}"
EndProject
Project("{9A19103F-16F7-4668-BE54-9A1E7A4F7556}") = "CleanArch.Mvc", "CleanArch.Mvc\CleanArch.Mvc.csproj", "{F7176C94-71E2-44B6-859C-2A7CEC688912}"
EndProject
Project("{9A19103F-16F7-4668-BE54-9A1E7A4F7556}") = "CleanArch.Domain", "CleanArch.Domain\CleanArch.Domain.csproj", "{E9E4AC5A-D569-4CF0-B5DE-B2B37784BFDB}"
EndProject
Project("{9A19103F-16F7-4668-BE54-9A1E7A4F7556}") = "CleanArch.Infra.Data", "CleanArch.Infra.Data\CleanArch.Infra.Data.csproj", "{709FDADE-4026-4544-AA28-9776BE98DED2}"
EndProject
Project("{9A19103F-16F7-4668-BE54-9A1E7A4F7556}") = "CleanArch.Application", "CleanArch.Application\CleanArch.Application.csproj", "{97AE643E-2A8E-4D5C-80E3-DDE31E70598D}"
EndProject
Project("{9A19103F-16F7-4668-BE54-9A1E7A4F7556}") = "CleanArch.Infra.IoC", "CleanArch.Infra.IoC\CleanArch.Infra.IoC.csproj", "{4815ABAD-EA0C-4C1C-9FF1-F644CC8389F4}"
EndProject
Project("{2150E333-8FDC-42A3-9474-1A3956D46DE8}") = "Infra.Bus", "Infra.Bus", "{ADE1EAA5-9E20-427B-9DFD-304A38E64270}"
EndProject
Project("{2150E333-8FDC-42A3-9474-1A3956D46DE8}") = "Api", "Api", "{8C501AFD-896E-48BD-AC94-5AAE27ED2F12}"
EndProject
Project("{9A19103F-16F7-4668-BE54-9A1E7A4F7556}") = "CleanArch.Infra.Bus", "CleanArch.Infra.Bus\CleanArch.Infra.Bus.csproj", "{5FC82FF1-0537-4F5F-BE20-387F306C1EB5}"
EndProject
Project("{9A19103F-16F7-4668-BE54-9A1E7A4F7556}") = "CleanArch.Domain.Core", "CleanArch.Domain.Core\CleanArch.Domain.Core.csproj", "{5E03CBA0-496E-474F-9169-0154E8DDDB76}"
EndProject
Project("{FAE04EC0-301F-11D3-BF4B-00C04F79EFBC}") = "CleanArch.API", "CleanArch.API\CleanArch.API.csproj", "{7BCC68BA-B2D8-4023-AA01-34F6AF8FAC52}"
EndProject
Global
	GlobalSection(SolutionConfigurationPlatforms) = preSolution
		Debug|Any CPU = Debug|Any CPU
		Release|Any CPU = Release|Any CPU
	EndGlobalSection
	GlobalSection(ProjectConfigurationPlatforms) = postSolution
		{F7176C94-71E2-44B6-859C-2A7CEC688912}.Debug|Any CPU.ActiveCfg = Debug|Any CPU
		{F7176C94-71E2-44B6-859C-2A7CEC688912}.Debug|Any CPU.Build.0 = Debug|Any CPU
		{F7176C94-71E2-44B6-859C-2A7CEC688912}.Release|Any CPU.ActiveCfg = Release|Any CPU
		{F7176C94-71E2-44B6-859C-2A7CEC688912}.Release|Any CPU.Build.0 = Release|Any CPU
		{E9E4AC5A-D569-4CF0-B5DE-B2B37784BFDB}.Debug|Any CPU.ActiveCfg = Debug|Any CPU
		{E9E4AC5A-D569-4CF0-B5DE-B2B37784BFDB}.Debug|Any CPU.Build.0 = Debug|Any CPU
		{E9E4AC5A-D569-4CF0-B5DE-B2B37784BFDB}.Release|Any CPU.ActiveCfg = Release|Any CPU
		{E9E4AC5A-D569-4CF0-B5DE-B2B37784BFDB}.Release|Any CPU.Build.0 = Release|Any CPU
		{709FDADE-4026-4544-AA28-9776BE98DED2}.Debug|Any CPU.ActiveCfg = Debug|Any CPU
		{709FDADE-4026-4544-AA28-9776BE98DED2}.Debug|Any CPU.Build.0 = Debug|Any CPU
		{709FDADE-4026-4544-AA28-9776BE98DED2}.Release|Any CPU.ActiveCfg = Release|Any CPU
		{709FDADE-4026-4544-AA28-9776BE98DED2}.Release|Any CPU.Build.0 = Release|Any CPU
		{97AE643E-2A8E-4D5C-80E3-DDE31E70598D}.Debug|Any CPU.ActiveCfg = Debug|Any CPU
		{97AE643E-2A8E-4D5C-80E3-DDE31E70598D}.Debug|Any CPU.Build.0 = Debug|Any CPU
		{97AE643E-2A8E-4D5C-80E3-DDE31E70598D}.Release|Any CPU.ActiveCfg = Release|Any CPU
		{97AE643E-2A8E-4D5C-80E3-DDE31E70598D}.Release|Any CPU.Build.0 = Release|Any CPU
		{4815ABAD-EA0C-4C1C-9FF1-F644CC8389F4}.Debug|Any CPU.ActiveCfg = Debug|Any CPU
		{4815ABAD-EA0C-4C1C-9FF1-F644CC8389F4}.Debug|Any CPU.Build.0 = Debug|Any CPU
		{4815ABAD-EA0C-4C1C-9FF1-F644CC8389F4}.Release|Any CPU.ActiveCfg = Release|Any CPU
		{4815ABAD-EA0C-4C1C-9FF1-F644CC8389F4}.Release|Any CPU.Build.0 = Release|Any CPU
		{5FC82FF1-0537-4F5F-BE20-387F306C1EB5}.Debug|Any CPU.ActiveCfg = Debug|Any CPU
		{5FC82FF1-0537-4F5F-BE20-387F306C1EB5}.Debug|Any CPU.Build.0 = Debug|Any CPU
		{5FC82FF1-0537-4F5F-BE20-387F306C1EB5}.Release|Any CPU.ActiveCfg = Release|Any CPU
		{5FC82FF1-0537-4F5F-BE20-387F306C1EB5}.Release|Any CPU.Build.0 = Release|Any CPU
		{5E03CBA0-496E-474F-9169-0154E8DDDB76}.Debug|Any CPU.ActiveCfg = Debug|Any CPU
		{5E03CBA0-496E-474F-9169-0154E8DDDB76}.Debug|Any CPU.Build.0 = Debug|Any CPU
		{5E03CBA0-496E-474F-9169-0154E8DDDB76}.Release|Any CPU.ActiveCfg = Release|Any CPU
		{5E03CBA0-496E-474F-9169-0154E8DDDB76}.Release|Any CPU.Build.0 = Release|Any CPU
		{7BCC68BA-B2D8-4023-AA01-34F6AF8FAC52}.Debug|Any CPU.ActiveCfg = Debug|Any CPU
		{7BCC68BA-B2D8-4023-AA01-34F6AF8FAC52}.Debug|Any CPU.Build.0 = Debug|Any CPU
		{7BCC68BA-B2D8-4023-AA01-34F6AF8FAC52}.Release|Any CPU.ActiveCfg = Release|Any CPU
		{7BCC68BA-B2D8-4023-AA01-34F6AF8FAC52}.Release|Any CPU.Build.0 = Release|Any CPU
	EndGlobalSection
	GlobalSection(SolutionProperties) = preSolution
		HideSolutionNode = FALSE
	EndGlobalSection
	GlobalSection(NestedProjects) = preSolution
		{F7176C94-71E2-44B6-859C-2A7CEC688912} = {36A11681-AEA3-4A20-945F-A6677797DA8E}
		{E9E4AC5A-D569-4CF0-B5DE-B2B37784BFDB} = {874B0AB3-AEBE-431D-B789-B9646DAE1D71}
		{709FDADE-4026-4544-AA28-9776BE98DED2} = {A3A714E8-9722-4405-A711-47DC1BE5DDC3}
		{97AE643E-2A8E-4D5C-80E3-DDE31E70598D} = {2DD67ACC-FF84-45AF-8425-59BE7EF05D48}
		{4815ABAD-EA0C-4C1C-9FF1-F644CC8389F4} = {95C1F141-CFFC-4B90-A458-4D4460568120}
		{5FC82FF1-0537-4F5F-BE20-387F306C1EB5} = {ADE1EAA5-9E20-427B-9DFD-304A38E64270}
		{5E03CBA0-496E-474F-9169-0154E8DDDB76} = {874B0AB3-AEBE-431D-B789-B9646DAE1D71}
		{7BCC68BA-B2D8-4023-AA01-34F6AF8FAC52} = {8C501AFD-896E-48BD-AC94-5AAE27ED2F12}
	EndGlobalSection
	GlobalSection(ExtensibilityGlobals) = postSolution
		SolutionGuid = {B8AA4803-7C42-4613-8E8E-C799B5D8D726}
	EndGlobalSection
EndGlobal
